
Microsoft Visual Studio Solution File, Format Version 12.00
# Visual Studio Version 17
VisualStudioVersion = 17.7.34024.191
MinimumVisualStudioVersion = 10.0.40219.1
Project("{888888A0-9F3D-457C-B088-3A5042F75D52}") = "Client2", "Client2\Client2.pyproj", "{60D2DDAA-C644-40E2-95D5-998487A58655}"
EndProject
Global
	GlobalSection(SolutionConfigurationPlatforms) = preSolution
		Debug|Any CPU = Debug|Any CPU
		Release|Any CPU = Release|Any CPU
	EndGlobalSection
	GlobalSection(ProjectConfigurationPlatforms) = postSolution
		{60D2DDAA-C644-40E2-95D5-998487A58655}.Debug|Any CPU.ActiveCfg = Debug|Any CPU
		{60D2DDAA-C644-40E2-95D5-998487A58655}.Release|Any CPU.ActiveCfg = Release|Any CPU
	EndGlobalSection
	GlobalSection(SolutionProperties) = preSolution
		HideSolutionNode = FALSE
	EndGlobalSection
	GlobalSection(ExtensibilityGlobals) = postSolution
		SolutionGuid = {E784C5F4-40C3-4C36-A683-2379A0609134}
	EndGlobalSection
EndGlobal
